github.com/Jeffail/gabs v1.4.0 h1://5fYRRTq1edjfIrQGvdkcd22pkYUrHZ5YC/H2GJVAo=
github.com/Jeffail/gabs v1.4.0/go.mod h1:6xMvQMK4k33lb7GUUpaAPh6nKMmemQeg5d4gn7/bOXc=
github.com/facebook/openbmc/tools/flashy v0.0.0-20250929222345-68117f5881a8 h1:HMWrTGVeqEmaT8uOoHViS8U23DOdteY4H3vXk1nI5p0=
github.com/facebook/openbmc/tools/flashy v0.0.0-20250929222345-68117f5881a8/go.mod h1:daPrJC/9vvtcRUA/uicSW8BTsnQb+lUDV5k3ZEnF7j8=
github.com/moby/sys/mountinfo v0.7.2 h1:1shs6aH5s4o5H2zQLn796ADW1wMrIwHsyJ2v9KouLrg=
github.com/moby/sys/mountinfo v0.7.2/go.mod h1:1YOa8w8Ih7uW0wALDUgT1dTTSBrZ+HiBLGws92L2RU4=
github.com/pierrec/lz4/v4 v4.1.22 h1:cKFw6uJDK+/gfw5BcDL0JL5aBsAFdsIT18eRtLj7VIU=
github.com/pierrec/lz4/v4 v4.1.22/go.mod h1:gZWDp/Ze/IJXGXf23ltt2EXimqmTUXEy0GFuRQyBid4=
github.com/pkg/errors v0.9.1 h1:FEBLx1zS214owpjy7qsBeixbURkuhQAwrK5UwLGTwt4=
github.com/pkg/errors v0.9.1/go.mod h1:bwawxfHBFNV+L2hUp1rHADufV3IMtnDRdf1r5NINEl0=
github.com/u-root/u-root v0.15.0 h1:8JXfjAA/Vs8EXfZUA2ftvoHbiYYLdaU8umJ461aq+Jw=
github.com/u-root/u-root v0.15.0/go.mod h1:/0Qr7qJeDwWxoKku2xKQ4Szc+SwBE3g9VE8jNiamsmc=
github.com/u-root/uio v0.0.0-20240224005618-d2acac8f3701 h1:pyC9PaHYZFgEKFdlp3G8RaCKgVpHZnecvArXvPXcFkM=
github.com/u-root/uio v0.0.0-20240224005618-d2acac8f3701/go.mod h1:P3a5rG4X7tI17Nn3aOIAYr5HbIMukwXG0urG0WuL8OA=
github.com/vtolstov/go-ioctl v0.0.0-20151206205506-6be9cced4810 h1:X6ps8XHfpQjw8dUStzlMi2ybiKQ2Fmdw7UM+TinwvyM=
github.com/vtolstov/go-ioctl v0.0.0-20151206205506-6be9cced4810/go.mod h1:dF0BBJ2YrV1+2eAIyEI+KeSidgA6HqoIP1u5XTlMq/o=
golang.org/x/exp v0.0.0-20250911091902-df9299821621 h1:2id6c1/gto0kaHYyrixvknJ8tUK/Qs5IsmBtrc+FtgU=
golang.org/x/exp v0.0.0-20250911091902-df9299821621/go.mod h1:TwQYMMnGpvZyc+JpB/UAuTNIsVJifOlSkrZkhcvpVUk=
golang.org/x/sys v0.36.0 h1:KVRy2GtZBrk1cBYA7MKu5bEZFxQk4NIDV6RLVcC8o0k=
golang.org/x/sys v0.36.0/go.mod h1:OgkHotnGiDImocRcuBABYBEXf8A9a87e/uXjp9XT3ks=
